
Microsoft Visual Studio Solution File, Format Version 12.00
# Visual Studio Version 17
VisualStudioVersion = 17.4.33213.308
MinimumVisualStudioVersion = 10.0.40219.1
Project("{2150E333-8FDC-42A3-9474-1A3956D46DE8}") = "Microservices", "Microservices", "{1304E3C8-6468-4A50-AA36-5B8729FEA058}"
EndProject
Project("{2150E333-8FDC-42A3-9474-1A3956D46DE8}") = "Meetup", "Meetup", "{C1EFEB2D-07C1-4485-A81B-55DE3D73B6A8}"
EndProject
Project("{2150E333-8FDC-42A3-9474-1A3956D46DE8}") = "Users", "Users", "{9CACFFB3-1EE0-4408-8B21-81870D175B34}"
EndProject
Project("{2150E333-8FDC-42A3-9474-1A3956D46DE8}") = "Spots", "Spots", "{13EE6507-5709-4D88-A494-AA4DA0419227}"
EndProject
Project("{2150E333-8FDC-42A3-9474-1A3956D46DE8}") = "Sports", "Sports", "{79A8F18E-9264-45BD-B305-CE28DA18578A}"
EndProject
Project("{FAE04EC0-301F-11D3-BF4B-00C04F79EFBC}") = "Meetup.Api", "Microservices\Meetup\Meetup.Api\Meetup.Api.csproj", "{AE3BF7E0-C1D1-4485-8942-DAAF0A062CA2}"
EndProject
Project("{FAE04EC0-301F-11D3-BF4B-00C04F79EFBC}") = "Sports.Api", "Microservices\Sports\Sports.Api\Sports.Api.csproj", "{DF0165C6-9E5F-4E5E-B720-88BFB3AD21A8}"
EndProject
Project("{FAE04EC0-301F-11D3-BF4B-00C04F79EFBC}") = "Spots.Api", "Microservices\Spots\Spots.Api\Spots.Api.csproj", "{F822DD23-A1E5-4C1B-9290-661FA268175D}"
EndProject
Project("{FAE04EC0-301F-11D3-BF4B-00C04F79EFBC}") = "Users.Api", "Microservices\Users\Users.Api\Users.Api.csproj", "{1F9B2BD1-14FC-4496-8B11-4727190B8D4A}"
EndProject
Project("{FAE04EC0-301F-11D3-BF4B-00C04F79EFBC}") = "Sports.Core", "Microservices\Sports\Sports.Core\Sports.Core.csproj", "{0025C930-6D6E-41CE-801A-82B98AA2846E}"
EndProject
Project("{FAE04EC0-301F-11D3-BF4B-00C04F79EFBC}") = "Sports.Data", "Microservices\Sports\Sports.Data\Sports.Data.csproj", "{D3F3C070-88F9-4317-B9F3-979490DC5C30}"
EndProject
Project("{FAE04EC0-301F-11D3-BF4B-00C04F79EFBC}") = "Spots.Core", "Microservices\Spots\Spots.Core\Spots.Core.csproj", "{EAE744E7-7CCB-4525-9B8C-ED79349C41EB}"
EndProject
Project("{FAE04EC0-301F-11D3-BF4B-00C04F79EFBC}") = "Spots.Data", "Microservices\Spots\Spots.Data\Spots.Data.csproj", "{924D3B21-16D5-4D8E-A49A-B0F2ED0F67A0}"
EndProject
Project("{FAE04EC0-301F-11D3-BF4B-00C04F79EFBC}") = "Users.Core", "Microservices\Users\Users.Core\Users.Core.csproj", "{888B218C-572E-41C3-B742-F8ED9BDD9769}"
EndProject
Project("{FAE04EC0-301F-11D3-BF4B-00C04F79EFBC}") = "Users.Data", "Microservices\Users\Users.Data\Users.Data.csproj", "{ECCF9FDA-5F30-430D-A295-24A0F6337F4E}"
EndProject
Project("{FAE04EC0-301F-11D3-BF4B-00C04F79EFBC}") = "Users.Services", "Microservices\Users\Users.Services\Users.Services.csproj", "{B03C78C8-47A1-4BB4-9710-36CB367A73CA}"
EndProject
Global
	GlobalSection(SolutionConfigurationPlatforms) = preSolution
		Debug|Any CPU = Debug|Any CPU
		Release|Any CPU = Release|Any CPU
	EndGlobalSection
	GlobalSection(ProjectConfigurationPlatforms) = postSolution
		{AE3BF7E0-C1D1-4485-8942-DAAF0A062CA2}.Debug|Any CPU.ActiveCfg = Debug|Any CPU
		{AE3BF7E0-C1D1-4485-8942-DAAF0A062CA2}.Debug|Any CPU.Build.0 = Debug|Any CPU
		{AE3BF7E0-C1D1-4485-8942-DAAF0A062CA2}.Release|Any CPU.ActiveCfg = Release|Any CPU
		{AE3BF7E0-C1D1-4485-8942-DAAF0A062CA2}.Release|Any CPU.Build.0 = Release|Any CPU
		{DF0165C6-9E5F-4E5E-B720-88BFB3AD21A8}.Debug|Any CPU.ActiveCfg = Debug|Any CPU
		{DF0165C6-9E5F-4E5E-B720-88BFB3AD21A8}.Debug|Any CPU.Build.0 = Debug|Any CPU
		{DF0165C6-9E5F-4E5E-B720-88BFB3AD21A8}.Release|Any CPU.ActiveCfg = Release|Any CPU
		{DF0165C6-9E5F-4E5E-B720-88BFB3AD21A8}.Release|Any CPU.Build.0 = Release|Any CPU
		{F822DD23-A1E5-4C1B-9290-661FA268175D}.Debug|Any CPU.ActiveCfg = Debug|Any CPU
		{F822DD23-A1E5-4C1B-9290-661FA268175D}.Debug|Any CPU.Build.0 = Debug|Any CPU
		{F822DD23-A1E5-4C1B-9290-661FA268175D}.Release|Any CPU.ActiveCfg = Release|Any CPU
		{F822DD23-A1E5-4C1B-9290-661FA268175D}.Release|Any CPU.Build.0 = Release|Any CPU
		{1F9B2BD1-14FC-4496-8B11-4727190B8D4A}.Debug|Any CPU.ActiveCfg = Debug|Any CPU
		{1F9B2BD1-14FC-4496-8B11-4727190B8D4A}.Debug|Any CPU.Build.0 = Debug|Any CPU
		{1F9B2BD1-14FC-4496-8B11-4727190B8D4A}.Release|Any CPU.ActiveCfg = Release|Any CPU
		{1F9B2BD1-14FC-4496-8B11-4727190B8D4A}.Release|Any CPU.Build.0 = Release|Any CPU
		{0025C930-6D6E-41CE-801A-82B98AA2846E}.Debug|Any CPU.ActiveCfg = Debug|Any CPU
		{0025C930-6D6E-41CE-801A-82B98AA2846E}.Debug|Any CPU.Build.0 = Debug|Any CPU
		{0025C930-6D6E-41CE-801A-82B98AA2846E}.Release|Any CPU.ActiveCfg = Release|Any CPU
		{0025C930-6D6E-41CE-801A-82B98AA2846E}.Release|Any CPU.Build.0 = Release|Any CPU
		{D3F3C070-88F9-4317-B9F3-979490DC5C30}.Debug|Any CPU.ActiveCfg = Debug|Any CPU
		{D3F3C070-88F9-4317-B9F3-979490DC5C30}.Debug|Any CPU.Build.0 = Debug|Any CPU
		{D3F3C070-88F9-4317-B9F3-979490DC5C30}.Release|Any CPU.ActiveCfg = Release|Any CPU
		{D3F3C070-88F9-4317-B9F3-979490DC5C30}.Release|Any CPU.Build.0 = Release|Any CPU
		{EAE744E7-7CCB-4525-9B8C-ED79349C41EB}.Debug|Any CPU.ActiveCfg = Debug|Any CPU
		{EAE744E7-7CCB-4525-9B8C-ED79349C41EB}.Debug|Any CPU.Build.0 = Debug|Any CPU
		{EAE744E7-7CCB-4525-9B8C-ED79349C41EB}.Release|Any CPU.ActiveCfg = Release|Any CPU
		{EAE744E7-7CCB-4525-9B8C-ED79349C41EB}.Release|Any CPU.Build.0 = Release|Any CPU
		{924D3B21-16D5-4D8E-A49A-B0F2ED0F67A0}.Debug|Any CPU.ActiveCfg = Debug|Any CPU
		{924D3B21-16D5-4D8E-A49A-B0F2ED0F67A0}.Debug|Any CPU.Build.0 = Debug|Any CPU
		{924D3B21-16D5-4D8E-A49A-B0F2ED0F67A0}.Release|Any CPU.ActiveCfg = Release|Any CPU
		{924D3B21-16D5-4D8E-A49A-B0F2ED0F67A0}.Release|Any CPU.Build.0 = Release|Any CPU
		{888B218C-572E-41C3-B742-F8ED9BDD9769}.Debug|Any CPU.ActiveCfg = Debug|Any CPU
		{888B218C-572E-41C3-B742-F8ED9BDD9769}.Debug|Any CPU.Build.0 = Debug|Any CPU
		{888B218C-572E-41C3-B742-F8ED9BDD9769}.Release|Any CPU.ActiveCfg = Release|Any CPU
		{888B218C-572E-41C3-B742-F8ED9BDD9769}.Release|Any CPU.Build.0 = Release|Any CPU
		{ECCF9FDA-5F30-430D-A295-24A0F6337F4E}.Debug|Any CPU.ActiveCfg = Debug|Any CPU
		{ECCF9FDA-5F30-430D-A295-24A0F6337F4E}.Debug|Any CPU.Build.0 = Debug|Any CPU
		{ECCF9FDA-5F30-430D-A295-24A0F6337F4E}.Release|Any CPU.ActiveCfg = Release|Any CPU
		{ECCF9FDA-5F30-430D-A295-24A0F6337F4E}.Release|Any CPU.Build.0 = Release|Any CPU
		{B03C78C8-47A1-4BB4-9710-36CB367A73CA}.Debug|Any CPU.ActiveCfg = Debug|Any CPU
		{B03C78C8-47A1-4BB4-9710-36CB367A73CA}.Debug|Any CPU.Build.0 = Debug|Any CPU
		{B03C78C8-47A1-4BB4-9710-36CB367A73CA}.Release|Any CPU.ActiveCfg = Release|Any CPU
		{B03C78C8-47A1-4BB4-9710-36CB367A73CA}.Release|Any CPU.Build.0 = Release|Any CPU
	EndGlobalSection
	GlobalSection(SolutionProperties) = preSolution
		HideSolutionNode = FALSE
	EndGlobalSection
	GlobalSection(NestedProjects) = preSolution
		{C1EFEB2D-07C1-4485-A81B-55DE3D73B6A8} = {1304E3C8-6468-4A50-AA36-5B8729FEA058}
		{9CACFFB3-1EE0-4408-8B21-81870D175B34} = {1304E3C8-6468-4A50-AA36-5B8729FEA058}
		{13EE6507-5709-4D88-A494-AA4DA0419227} = {1304E3C8-6468-4A50-AA36-5B8729FEA058}
		{79A8F18E-9264-45BD-B305-CE28DA18578A} = {1304E3C8-6468-4A50-AA36-5B8729FEA058}
		{AE3BF7E0-C1D1-4485-8942-DAAF0A062CA2} = {C1EFEB2D-07C1-4485-A81B-55DE3D73B6A8}
		{DF0165C6-9E5F-4E5E-B720-88BFB3AD21A8} = {79A8F18E-9264-45BD-B305-CE28DA18578A}
		{F822DD23-A1E5-4C1B-9290-661FA268175D} = {13EE6507-5709-4D88-A494-AA4DA0419227}
		{1F9B2BD1-14FC-4496-8B11-4727190B8D4A} = {9CACFFB3-1EE0-4408-8B21-81870D175B34}
		{0025C930-6D6E-41CE-801A-82B98AA2846E} = {79A8F18E-9264-45BD-B305-CE28DA18578A}
		{D3F3C070-88F9-4317-B9F3-979490DC5C30} = {79A8F18E-9264-45BD-B305-CE28DA18578A}
		{EAE744E7-7CCB-4525-9B8C-ED79349C41EB} = {13EE6507-5709-4D88-A494-AA4DA0419227}
		{924D3B21-16D5-4D8E-A49A-B0F2ED0F67A0} = {13EE6507-5709-4D88-A494-AA4DA0419227}
		{888B218C-572E-41C3-B742-F8ED9BDD9769} = {9CACFFB3-1EE0-4408-8B21-81870D175B34}
		{ECCF9FDA-5F30-430D-A295-24A0F6337F4E} = {9CACFFB3-1EE0-4408-8B21-81870D175B34}
		{B03C78C8-47A1-4BB4-9710-36CB367A73CA} = {9CACFFB3-1EE0-4408-8B21-81870D175B34}
	EndGlobalSection
	GlobalSection(ExtensibilityGlobals) = postSolution
		SolutionGuid = {F9DAFAE1-C9AC-42A8-8046-7D30C4744A64}
	EndGlobalSection
EndGlobal
