
Microsoft Visual Studio Solution File, Format Version 12.00
# Visual Studio Version 17
VisualStudioVersion = 17.4.33213.308
MinimumVisualStudioVersion = 10.0.40219.1
Project("{FAE04EC0-301F-11D3-BF4B-00C04F79EFBC}") = "Empty", "Empty\Empty.csproj", "{6955D756-18C2-45AC-908A-EC11EFEE4868}"
EndProject
Global
	GlobalSection(SolutionConfigurationPlatforms) = preSolution
		Debug|Any CPU = Debug|Any CPU
		Release|Any CPU = Release|Any CPU
	EndGlobalSection
	GlobalSection(ProjectConfigurationPlatforms) = postSolution
		{6955D756-18C2-45AC-908A-EC11EFEE4868}.Debug|Any CPU.ActiveCfg = Debug|Any CPU
		{6955D756-18C2-45AC-908A-EC11EFEE4868}.Debug|Any CPU.Build.0 = Debug|Any CPU
		{6955D756-18C2-45AC-908A-EC11EFEE4868}.Release|Any CPU.ActiveCfg = Release|Any CPU
		{6955D756-18C2-45AC-908A-EC11EFEE4868}.Release|Any CPU.Build.0 = Release|Any CPU
	EndGlobalSection
	GlobalSection(SolutionProperties) = preSolution
		HideSolutionNode = FALSE
	EndGlobalSection
	GlobalSection(ExtensibilityGlobals) = postSolution
		SolutionGuid = {F9DAFAE1-C9AC-42A8-8046-7D30C4744A64}
	EndGlobalSection
EndGlobal
